// !$*UTF8*$!
{
	archiveVersion = 1;
	classes = {
	};
	objectVersion = 50;
	objects = {

/* Begin PBXBuildFile section */
		9D055B9A249BD2E90052A21E /* LandmarkRow.swift in Sources */ = {isa = PBXBuildFile; fileRef = 9D055B99249BD2E90052A21E /* LandmarkRow.swift */; };
		9D055B9C249BD6C10052A21E /* LandmarkList.swift in Sources */ = {isa = PBXBuildFile; fileRef = 9D055B9B249BD6C10052A21E /* LandmarkList.swift */; };
		9D055BAB249BE7F70052A21E /* charleyrivers.jpg in Resources */ = {isa = PBXBuildFile; fileRef = 9D055B9E249BE7F60052A21E /* charleyrivers.jpg */; };
		9D055BAC249BE7F70052A21E /* turtlerock.jpg in Resources */ = {isa = PBXBuildFile; fileRef = 9D055B9F249BE7F60052A21E /* turtlerock.jpg */; };
		9D055BAD249BE7F70052A21E /* silversalmoncreek.jpg in Resources */ = {isa = PBXBuildFile; fileRef = 9D055BA0249BE7F60052A21E /* silversalmoncreek.jpg */; };
		9D055BAE249BE7F70052A21E /* icybay.jpg in Resources */ = {isa = PBXBuildFile; fileRef = 9D055BA1249BE7F60052A21E /* icybay.jpg */; };
		9D055BAF249BE7F70052A21E /* lakemcdonald.jpg in Resources */ = {isa = PBXBuildFile; fileRef = 9D055BA2249BE7F60052A21E /* lakemcdonald.jpg */; };
		9D055BB0249BE7F70052A21E /* hiddenlake.jpg in Resources */ = {isa = PBXBuildFile; fileRef = 9D055BA3249BE7F60052A21E /* hiddenlake.jpg */; };
		9D055BB1249BE7F70052A21E /* twinlake.jpg in Resources */ = {isa = PBXBuildFile; fileRef = 9D055BA4249BE7F60052A21E /* twinlake.jpg */; };
		9D055BB2249BE7F70052A21E /* umbagog.jpg in Resources */ = {isa = PBXBuildFile; fileRef = 9D055BA5249BE7F70052A21E /* umbagog.jpg */; };
		9D055BB3249BE7F70052A21E /* landmarkData.json in Resources */ = {isa = PBXBuildFile; fileRef = 9D055BA6249BE7F70052A21E /* landmarkData.json */; };
		9D055BB4249BE7F70052A21E /* chincoteague.jpg in Resources */ = {isa = PBXBuildFile; fileRef = 9D055BA7249BE7F70052A21E /* chincoteague.jpg */; };
		9D055BB5249BE7F70052A21E /* stmarylake.jpg in Resources */ = {isa = PBXBuildFile; fileRef = 9D055BA8249BE7F70052A21E /* stmarylake.jpg */; };
		9D055BB6249BE7F70052A21E /* chilkoottrail.jpg in Resources */ = {isa = PBXBuildFile; fileRef = 9D055BA9249BE7F70052A21E /* chilkoottrail.jpg */; };
		9D055BB7249BE7F70052A21E /* rainbowlake.jpg in Resources */ = {isa = PBXBuildFile; fileRef = 9D055BAA249BE7F70052A21E /* rainbowlake.jpg */; };
		9D80D6BF249BB5AB00C0E351 /* AppDelegate.swift in Sources */ = {isa = PBXBuildFile; fileRef = 9D80D6BE249BB5AB00C0E351 /* AppDelegate.swift */; };
		9D80D6C1249BB5AB00C0E351 /* SceneDelegate.swift in Sources */ = {isa = PBXBuildFile; fileRef = 9D80D6C0249BB5AB00C0E351 /* SceneDelegate.swift */; };
		9D80D6C3249BB5AB00C0E351 /* LandmarkDetail.swift in Sources */ = {isa = PBXBuildFile; fileRef = 9D80D6C2249BB5AB00C0E351 /* LandmarkDetail.swift */; };
		9D80D6C5249BB5AC00C0E351 /* Assets.xcassets in Resources */ = {isa = PBXBuildFile; fileRef = 9D80D6C4249BB5AC00C0E351 /* Assets.xcassets */; };
		9D80D6C8249BB5AC00C0E351 /* Preview Assets.xcassets in Resources */ = {isa = PBXBuildFile; fileRef = 9D80D6C7249BB5AC00C0E351 /* Preview Assets.xcassets */; };
		9D80D6CB249BB5AC00C0E351 /* LaunchScreen.storyboard in Resources */ = {isa = PBXBuildFile; fileRef = 9D80D6C9249BB5AC00C0E351 /* LaunchScreen.storyboard */; };
		9D80D6D3249BB92500C0E351 /* CircleImage.swift in Sources */ = {isa = PBXBuildFile; fileRef = 9D80D6D2249BB92500C0E351 /* CircleImage.swift */; };
		9D80D6D5249BBAB300C0E351 /* MapView.swift in Sources */ = {isa = PBXBuildFile; fileRef = 9D80D6D4249BBAB300C0E351 /* MapView.swift */; };
		9D80D6D8249BBE3B00C0E351 /* Landmark.swift in Sources */ = {isa = PBXBuildFile; fileRef = 9D80D6D7249BBE3B00C0E351 /* Landmark.swift */; };
		9D80D6DA249BCC7E00C0E351 /* Data.swift in Sources */ = {isa = PBXBuildFile; fileRef = 9D80D6D9249BCC7E00C0E351 /* Data.swift */; };
/* End PBXBuildFile section */

/* Begin PBXFileReference section */
		9D055B99249BD2E90052A21E /* LandmarkRow.swift */ = {isa = PBXFileReference; lastKnownFileType = sourcecode.swift; path = LandmarkRow.swift; sourceTree = "<group>"; };
		9D055B9B249BD6C10052A21E /* LandmarkList.swift */ = {isa = PBXFileReference; lastKnownFileType = sourcecode.swift; path = LandmarkList.swift; sourceTree = "<group>"; };
		9D055B9E249BE7F60052A21E /* charleyrivers.jpg */ = {isa = PBXFileReference; lastKnownFileType = image.jpeg; path = charleyrivers.jpg; sourceTree = "<group>"; };
		9D055B9F249BE7F60052A21E /* turtlerock.jpg */ = {isa = PBXFileReference; lastKnownFileType = image.jpeg; path = turtlerock.jpg; sourceTree = "<group>"; };
		9D055BA0249BE7F60052A21E /* silversalmoncreek.jpg */ = {isa = PBXFileReference; lastKnownFileType = image.jpeg; path = silversalmoncreek.jpg; sourceTree = "<group>"; };
		9D055BA1249BE7F60052A21E /* icybay.jpg */ = {isa = PBXFileReference; lastKnownFileType = image.jpeg; path = icybay.jpg; sourceTree = "<group>"; };
		9D055BA2249BE7F60052A21E /* lakemcdonald.jpg */ = {isa = PBXFileReference; lastKnownFileType = image.jpeg; path = lakemcdonald.jpg; sourceTree = "<group>"; };
		9D055BA3249BE7F60052A21E /* hiddenlake.jpg */ = {isa = PBXFileReference; lastKnownFileType = image.jpeg; path = hiddenlake.jpg; sourceTree = "<group>"; };
		9D055BA4249BE7F60052A21E /* twinlake.jpg */ = {isa = PBXFileReference; lastKnownFileType = image.jpeg; path = twinlake.jpg; sourceTree = "<group>"; };
		9D055BA5249BE7F70052A21E /* umbagog.jpg */ = {isa = PBXFileReference; lastKnownFileType = image.jpeg; path = umbagog.jpg; sourceTree = "<group>"; };
		9D055BA6249BE7F70052A21E /* landmarkData.json */ = {isa = PBXFileReference; fileEncoding = 4; lastKnownFileType = text.json; path = landmarkData.json; sourceTree = "<group>"; };
		9D055BA7249BE7F70052A21E /* chincoteague.jpg */ = {isa = PBXFileReference; lastKnownFileType = image.jpeg; path = chincoteague.jpg; sourceTree = "<group>"; };
		9D055BA8249BE7F70052A21E /* stmarylake.jpg */ = {isa = PBXFileReference; lastKnownFileType = image.jpeg; path = stmarylake.jpg; sourceTree = "<group>"; };
		9D055BA9249BE7F70052A21E /* chilkoottrail.jpg */ = {isa = PBXFileReference; lastKnownFileType = image.jpeg; path = chilkoottrail.jpg; sourceTree = "<group>"; };
		9D055BAA249BE7F70052A21E /* rainbowlake.jpg */ = {isa = PBXFileReference; lastKnownFileType = image.jpeg; path = rainbowlake.jpg; sourceTree = "<group>"; };
		9D80D6BB249BB5AB00C0E351 /* Landmarks.app */ = {isa = PBXFileReference; explicitFileType = wrapper.application; includeInIndex = 0; path = Landmarks.app; sourceTree = BUILT_PRODUCTS_DIR; };
		9D80D6BE249BB5AB00C0E351 /* AppDelegate.swift */ = {isa = PBXFileReference; lastKnownFileType = sourcecode.swift; path = AppDelegate.swift; sourceTree = "<group>"; };
		9D80D6C0249BB5AB00C0E351 /* SceneDelegate.swift */ = {isa = PBXFileReference; lastKnownFileType = sourcecode.swift; path = SceneDelegate.swift; sourceTree = "<group>"; };
		9D80D6C2249BB5AB00C0E351 /* LandmarkDetail.swift */ = {isa = PBXFileReference; lastKnownFileType = sourcecode.swift; path = LandmarkDetail.swift; sourceTree = "<group>"; };
		9D80D6C4249BB5AC00C0E351 /* Assets.xcassets */ = {isa = PBXFileReference; lastKnownFileType = folder.assetcatalog; path = Assets.xcassets; sourceTree = "<group>"; };
		9D80D6C7249BB5AC00C0E351 /* Preview Assets.xcassets */ = {isa = PBXFileReference; lastKnownFileType = folder.assetcatalog; path = "Preview Assets.xcassets"; sourceTree = "<group>"; };
		9D80D6CA249BB5AC00C0E351 /* Base */ = {isa = PBXFileReference; lastKnownFileType = file.storyboard; name = Base; path = Base.lproj/LaunchScreen.storyboard; sourceTree = "<group>"; };
		9D80D6CC249BB5AC00C0E351 /* Info.plist */ = {isa = PBXFileReference; lastKnownFileType = text.plist.xml; path = Info.plist; sourceTree = "<group>"; };
		9D80D6D2249BB92500C0E351 /* CircleImage.swift */ = {isa = PBXFileReference; lastKnownFileType = sourcecode.swift; path = CircleImage.swift; sourceTree = "<group>"; };
		9D80D6D4249BBAB300C0E351 /* MapView.swift */ = {isa = PBXFileReference; lastKnownFileType = sourcecode.swift; path = MapView.swift; sourceTree = "<group>"; };
		9D80D6D7249BBE3B00C0E351 /* Landmark.swift */ = {isa = PBXFileReference; lastKnownFileType = sourcecode.swift; path = Landmark.swift; sourceTree = "<group>"; };
		9D80D6D9249BCC7E00C0E351 /* Data.swift */ = {isa = PBXFileReference; lastKnownFileType = sourcecode.swift; path = Data.swift; sourceTree = "<group>"; };
/* End PBXFileReference section */

/* Begin PBXFrameworksBuildPhase section */
		9D80D6B8249BB5AB00C0E351 /* Frameworks */ = {
			isa = PBXFrameworksBuildPhase;
			buildActionMask = 2147483647;
			files = (
			);
			runOnlyForDeploymentPostprocessing = 0;
		};
/* End PBXFrameworksBuildPhase section */

/* Begin PBXGroup section */
		9D055B9D249BE7F60052A21E /* Resources */ = {
			isa = PBXGroup;
			children = (
				9D055B9E249BE7F60052A21E /* charleyrivers.jpg */,
				9D055B9F249BE7F60052A21E /* turtlerock.jpg */,
				9D055BA0249BE7F60052A21E /* silversalmoncreek.jpg */,
				9D055BA1249BE7F60052A21E /* icybay.jpg */,
				9D055BA2249BE7F60052A21E /* lakemcdonald.jpg */,
				9D055BA3249BE7F60052A21E /* hiddenlake.jpg */,
				9D055BA4249BE7F60052A21E /* twinlake.jpg */,
				9D055BA5249BE7F70052A21E /* umbagog.jpg */,
				9D055BA6249BE7F70052A21E /* landmarkData.json */,
				9D055BA7249BE7F70052A21E /* chincoteague.jpg */,
				9D055BA8249BE7F70052A21E /* stmarylake.jpg */,
				9D055BA9249BE7F70052A21E /* chilkoottrail.jpg */,
				9D055BAA249BE7F70052A21E /* rainbowlake.jpg */,
			);
			path = Resources;
			sourceTree = "<group>";
		};
		9D80D6B2249BB5AB00C0E351 = {
			isa = PBXGroup;
			children = (
				9D80D6BD249BB5AB00C0E351 /* Landmarks */,
				9D80D6BC249BB5AB00C0E351 /* Products */,
			);
			sourceTree = "<group>";
		};
		9D80D6BC249BB5AB00C0E351 /* Products */ = {
			isa = PBXGroup;
			children = (
				9D80D6BB249BB5AB00C0E351 /* Landmarks.app */,
			);
			name = Products;
			sourceTree = "<group>";
		};
		9D80D6BD249BB5AB00C0E351 /* Landmarks */ = {
			isa = PBXGroup;
			children = (
				9D055B9D249BE7F60052A21E /* Resources */,
				9D80D6D6249BBE3100C0E351 /* Models */,
				9D80D6BE249BB5AB00C0E351 /* AppDelegate.swift */,
				9D80D6C0249BB5AB00C0E351 /* SceneDelegate.swift */,
				9D80D6C2249BB5AB00C0E351 /* LandmarkDetail.swift */,
				9D80D6D2249BB92500C0E351 /* CircleImage.swift */,
				9D80D6D4249BBAB300C0E351 /* MapView.swift */,
				9D055B99249BD2E90052A21E /* LandmarkRow.swift */,
				9D055B9B249BD6C10052A21E /* LandmarkList.swift */,
				9D80D6C4249BB5AC00C0E351 /* Assets.xcassets */,
				9D80D6C9249BB5AC00C0E351 /* LaunchScreen.storyboard */,
				9D80D6CC249BB5AC00C0E351 /* Info.plist */,
				9D80D6C6249BB5AC00C0E351 /* Preview Content */,
			);
			path = Landmarks;
			sourceTree = "<group>";
		};
		9D80D6C6249BB5AC00C0E351 /* Preview Content */ = {
			isa = PBXGroup;
			children = (
				9D80D6C7249BB5AC00C0E351 /* Preview Assets.xcassets */,
			);
			path = "Preview Content";
			sourceTree = "<group>";
		};
		9D80D6D6249BBE3100C0E351 /* Models */ = {
			isa = PBXGroup;
			children = (
				9D80D6D7249BBE3B00C0E351 /* Landmark.swift */,
				9D80D6D9249BCC7E00C0E351 /* Data.swift */,
			);
			path = Models;
			sourceTree = "<group>";
		};
/* End PBXGroup section */

/* Begin PBXNativeTarget section */
		9D80D6BA249BB5AB00C0E351 /* Landmarks */ = {
			isa = PBXNativeTarget;
			buildConfigurationList = 9D80D6CF249BB5AC00C0E351 /* Build configuration list for PBXNativeTarget "Landmarks" */;
			buildPhases = (
				9D80D6B7249BB5AB00C0E351 /* Sources */,
				9D80D6B8249BB5AB00C0E351 /* Frameworks */,
				9D80D6B9249BB5AB00C0E351 /* Resources */,
			);
			buildRules = (
			);
			dependencies = (
			);
			name = Landmarks;
			productName = Landmarks;
			productReference = 9D80D6BB249BB5AB00C0E351 /* Landmarks.app */;
			productType = "com.apple.product-type.application";
		};
/* End PBXNativeTarget section */

/* Begin PBXProject section */
		9D80D6B3249BB5AB00C0E351 /* Project object */ = {
			isa = PBXProject;
			attributes = {
				LastSwiftUpdateCheck = 1150;
				LastUpgradeCheck = 1150;
				ORGANIZATIONNAME = Practice;
				TargetAttributes = {
					9D80D6BA249BB5AB00C0E351 = {
						CreatedOnToolsVersion = 11.5;
					};
				};
			};
			buildConfigurationList = 9D80D6B6249BB5AB00C0E351 /* Build configuration list for PBXProject "Landmarks" */;
			compatibilityVersion = "Xcode 9.3";
			developmentRegion = en;
			hasScannedForEncodings = 0;
			knownRegions = (
				en,
				Base,
			);
			mainGroup = 9D80D6B2249BB5AB00C0E351;
			productRefGroup = 9D80D6BC249BB5AB00C0E351 /* Products */;
			projectDirPath = "";
			projectRoot = "";
			targets = (
				9D80D6BA249BB5AB00C0E351 /* Landmarks */,
			);
		};
/* End PBXProject section */

/* Begin PBXResourcesBuildPhase section */
		9D80D6B9249BB5AB00C0E351 /* Resources */ = {
			isa = PBXResourcesBuildPhase;
			buildActionMask = 2147483647;
			files = (
				9D80D6CB249BB5AC00C0E351 /* LaunchScreen.storyboard in Resources */,
				9D80D6C8249BB5AC00C0E351 /* Preview Assets.xcassets in Resources */,
				9D80D6C5249BB5AC00C0E351 /* Assets.xcassets in Resources */,
				9D055BAD249BE7F70052A21E /* silversalmoncreek.jpg in Resources */,
				9D055BAB249BE7F70052A21E /* charleyrivers.jpg in Resources */,
				9D055BB4249BE7F70052A21E /* chincoteague.jpg in Resources */,
				9D055BB5249BE7F70052A21E /* stmarylake.jpg in Resources */,
				9D055BB3249BE7F70052A21E /* landmarkData.json in Resources */,
				9D055BAE249BE7F70052A21E /* icybay.jpg in Resources */,
				9D055BB1249BE7F70052A21E /* twinlake.jpg in Resources */,
				9D055BAF249BE7F70052A21E /* lakemcdonald.jpg in Resources */,
				9D055BB0249BE7F70052A21E /* hiddenlake.jpg in Resources */,
				9D055BB2249BE7F70052A21E /* umbagog.jpg in Resources */,
				9D055BB7249BE7F70052A21E /* rainbowlake.jpg in Resources */,
				9D055BB6249BE7F70052A21E /* chilkoottrail.jpg in Resources */,
				9D055BAC249BE7F70052A21E /* turtlerock.jpg in Resources */,
			);
			runOnlyForDeploymentPostprocessing = 0;
		};
/* End PBXResourcesBuildPhase section */

/* Begin PBXSourcesBuildPhase section */
		9D80D6B7249BB5AB00C0E351 /* Sources */ = {
			isa = PBXSourcesBuildPhase;
			buildActionMask = 2147483647;
			files = (
				9D80D6DA249BCC7E00C0E351 /* Data.swift in Sources */,
				9D80D6BF249BB5AB00C0E351 /* AppDelegate.swift in Sources */,
				9D80D6D3249BB92500C0E351 /* CircleImage.swift in Sources */,
				9D80D6D5249BBAB300C0E351 /* MapView.swift in Sources */,
				9D055B9C249BD6C10052A21E /* LandmarkList.swift in Sources */,
				9D80D6C1249BB5AB00C0E351 /* SceneDelegate.swift in Sources */,
				9D80D6C3249BB5AB00C0E351 /* LandmarkDetail.swift in Sources */,
				9D055B9A249BD2E90052A21E /* LandmarkRow.swift in Sources */,
				9D80D6D8249BBE3B00C0E351 /* Landmark.swift in Sources */,
			);
			runOnlyForDeploymentPostprocessing = 0;
		};
/* End PBXSourcesBuildPhase section */

/* Begin PBXVariantGroup section */
		9D80D6C9249BB5AC00C0E351 /* LaunchScreen.storyboard */ = {
			isa = PBXVariantGroup;
			children = (
				9D80D6CA249BB5AC00C0E351 /* Base */,
			);
			name = LaunchScreen.storyboard;
			sourceTree = "<group>";
		};
/* End PBXVariantGroup section */

/* Begin XCBuildConfiguration section */
		9D80D6CD249BB5AC00C0E351 /* Debug */ = {
			isa = XCBuildConfiguration;
			buildSettings = {
				ALWAYS_SEARCH_USER_PATHS = NO;
				CLANG_ANALYZER_NONNULL = YES;
				CLANG_ANALYZER_NUMBER_OBJECT_CONVERSION = YES_AGGRESSIVE;
				CLANG_CXX_LANGUAGE_STANDARD = "gnu++14";
				CLANG_CXX_LIBRARY = "libc++";
				CLANG_ENABLE_MODULES = YES;
				CLANG_ENABLE_OBJC_ARC = YES;
				CLANG_ENABLE_OBJC_WEAK = YES;
				CLANG_WARN_BLOCK_CAPTURE_AUTORELEASING = YES;
				CLANG_WARN_BOOL_CONVERSION = YES;
				CLANG_WARN_COMMA = YES;
				CLANG_WARN_CONSTANT_CONVERSION = YES;
				CLANG_WARN_DEPRECATED_OBJC_IMPLEMENTATIONS = YES;
				CLANG_WARN_DIRECT_OBJC_ISA_USAGE = YES_ERROR;
				CLANG_WARN_DOCUMENTATION_COMMENTS = YES;
				CLANG_WARN_EMPTY_BODY = YES;
				CLANG_WARN_ENUM_CONVERSION = YES;
				CLANG_WARN_INFINITE_RECURSION = YES;
				CLANG_WARN_INT_CONVERSION = YES;
				CLANG_WARN_NON_LITERAL_NULL_CONVERSION = YES;
				CLANG_WARN_OBJC_IMPLICIT_RETAIN_SELF = YES;
				CLANG_WARN_OBJC_LITERAL_CONVERSION = YES;
				CLANG_WARN_OBJC_ROOT_CLASS = YES_ERROR;
				CLANG_WARN_RANGE_LOOP_ANALYSIS = YES;
				CLANG_WARN_STRICT_PROTOTYPES = YES;
				CLANG_WARN_SUSPICIOUS_MOVE = YES;
				CLANG_WARN_UNGUARDED_AVAILABILITY = YES_AGGRESSIVE;
				CLANG_WARN_UNREACHABLE_CODE = YES;
				CLANG_WARN__DUPLICATE_METHOD_MATCH = YES;
				COPY_PHASE_STRIP = NO;
				DEBUG_INFORMATION_FORMAT = dwarf;
				ENABLE_STRICT_OBJC_MSGSEND = YES;
				ENABLE_TESTABILITY = YES;
				GCC_C_LANGUAGE_STANDARD = gnu11;
				GCC_DYNAMIC_NO_PIC = NO;
				GCC_NO_COMMON_BLOCKS = YES;
				GCC_OPTIMIZATION_LEVEL = 0;
				GCC_PREPROCESSOR_DEFINITIONS = (
					"DEBUG=1",
					"$(inherited)",
				);
				GCC_WARN_64_TO_32_BIT_CONVERSION = YES;
				GCC_WARN_ABOUT_RETURN_TYPE = YES_ERROR;
				GCC_WARN_UNDECLARED_SELECTOR = YES;
				GCC_WARN_UNINITIALIZED_AUTOS = YES_AGGRESSIVE;
				GCC_WARN_UNUSED_FUNCTION = YES;
				GCC_WARN_UNUSED_VARIABLE = YES;
				IPHONEOS_DEPLOYMENT_TARGET = 13.5;
				MTL_ENABLE_DEBUG_INFO = INCLUDE_SOURCE;
				MTL_FAST_MATH = YES;
				ONLY_ACTIVE_ARCH = YES;
				SDKROOT = iphoneos;
				SWIFT_ACTIVE_COMPILATION_CONDITIONS = DEBUG;
				SWIFT_OPTIMIZATION_LEVEL = "-Onone";
			};
			name = Debug;
		};
		9D80D6CE249BB5AC00C0E351 /* Release */ = {
			isa = XCBuildConfiguration;
			buildSettings = {
				ALWAYS_SEARCH_USER_PATHS = NO;
				CLANG_ANALYZER_NONNULL = YES;
				CLANG_ANALYZER_NUMBER_OBJECT_CONVERSION = YES_AGGRESSIVE;
				CLANG_CXX_LANGUAGE_STANDARD = "gnu++14";
				CLANG_CXX_LIBRARY = "libc++";
				CLANG_ENABLE_MODULES = YES;
				CLANG_ENABLE_OBJC_ARC = YES;
				CLANG_ENABLE_OBJC_WEAK = YES;
				CLANG_WARN_BLOCK_CAPTURE_AUTORELEASING = YES;
				CLANG_WARN_BOOL_CONVERSION = YES;
				CLANG_WARN_COMMA = YES;
				CLANG_WARN_CONSTANT_CONVERSION = YES;
				CLANG_WARN_DEPRECATED_OBJC_IMPLEMENTATIONS = YES;
				CLANG_WARN_DIRECT_OBJC_ISA_USAGE = YES_ERROR;
				CLANG_WARN_DOCUMENTATION_COMMENTS = YES;
				CLANG_WARN_EMPTY_BODY = YES;
				CLANG_WARN_ENUM_CONVERSION = YES;
				CLANG_WARN_INFINITE_RECURSION = YES;
				CLANG_WARN_INT_CONVERSION = YES;
				CLANG_WARN_NON_LITERAL_NULL_CONVERSION = YES;
				CLANG_WARN_OBJC_IMPLICIT_RETAIN_SELF = YES;
				CLANG_WARN_OBJC_LITERAL_CONVERSION = YES;
				CLANG_WARN_OBJC_ROOT_CLASS = YES_ERROR;
				CLANG_WARN_RANGE_LOOP_ANALYSIS = YES;
				CLANG_WARN_STRICT_PROTOTYPES = YES;
				CLANG_WARN_SUSPICIOUS_MOVE = YES;
				CLANG_WARN_UNGUARDED_AVAILABILITY = YES_AGGRESSIVE;
				CLANG_WARN_UNREACHABLE_CODE = YES;
				CLANG_WARN__DUPLICATE_METHOD_MATCH = YES;
				COPY_PHASE_STRIP = NO;
				DEBUG_INFORMATION_FORMAT = "dwarf-with-dsym";
				ENABLE_NS_ASSERTIONS = NO;
				ENABLE_STRICT_OBJC_MSGSEND = YES;
				GCC_C_LANGUAGE_STANDARD = gnu11;
				GCC_NO_COMMON_BLOCKS = YES;
				GCC_WARN_64_TO_32_BIT_CONVERSION = YES;
				GCC_WARN_ABOUT_RETURN_TYPE = YES_ERROR;
				GCC_WARN_UNDECLARED_SELECTOR = YES;
				GCC_WARN_UNINITIALIZED_AUTOS = YES_AGGRESSIVE;
				GCC_WARN_UNUSED_FUNCTION = YES;
				GCC_WARN_UNUSED_VARIABLE = YES;
				IPHONEOS_DEPLOYMENT_TARGET = 13.5;
				MTL_ENABLE_DEBUG_INFO = NO;
				MTL_FAST_MATH = YES;
				SDKROOT = iphoneos;
				SWIFT_COMPILATION_MODE = wholemodule;
				SWIFT_OPTIMIZATION_LEVEL = "-O";
				VALIDATE_PRODUCT = YES;
			};
			name = Release;
		};
		9D80D6D0249BB5AC00C0E351 /* Debug */ = {
			isa = XCBuildConfiguration;
			buildSettings = {
				ASSETCATALOG_COMPILER_APPICON_NAME = AppIcon;
				CODE_SIGN_STYLE = Automatic;
				DEVELOPMENT_ASSET_PATHS = "\"Landmarks/Preview Content\"";
				ENABLE_PREVIEWS = YES;
				INFOPLIST_FILE = Landmarks/Info.plist;
				LD_RUNPATH_SEARCH_PATHS = (
					"$(inherited)",
					"@executable_path/Frameworks",
				);
				PRODUCT_BUNDLE_IDENTIFIER = com.Practice.Landmarks;
				PRODUCT_NAME = "$(TARGET_NAME)";
				SWIFT_VERSION = 5.0;
				TARGETED_DEVICE_FAMILY = "1,2";
			};
			name = Debug;
		};
		9D80D6D1249BB5AC00C0E351 /* Release */ = {
			isa = XCBuildConfiguration;
			buildSettings = {
				ASSETCATALOG_COMPILER_APPICON_NAME = AppIcon;
				CODE_SIGN_STYLE = Automatic;
				DEVELOPMENT_ASSET_PATHS = "\"Landmarks/Preview Content\"";
				ENABLE_PREVIEWS = YES;
				INFOPLIST_FILE = Landmarks/Info.plist;
				LD_RUNPATH_SEARCH_PATHS = (
					"$(inherited)",
					"@executable_path/Frameworks",
				);
				PRODUCT_BUNDLE_IDENTIFIER = com.Practice.Landmarks;
				PRODUCT_NAME = "$(TARGET_NAME)";
				SWIFT_VERSION = 5.0;
				TARGETED_DEVICE_FAMILY = "1,2";
			};
			name = Release;
		};
/* End XCBuildConfiguration section */

/* Begin XCConfigurationList section */
		9D80D6B6249BB5AB00C0E351 /* Build configuration list for PBXProject "Landmarks" */ = {
			isa = XCConfigurationList;
			buildConfigurations = (
				9D80D6CD249BB5AC00C0E351 /* Debug */,
				9D80D6CE249BB5AC00C0E351 /* Release */,
			);
			defaultConfigurationIsVisible = 0;
			defaultConfigurationName = Release;
		};
		9D80D6CF249BB5AC00C0E351 /* Build configuration list for PBXNativeTarget "Landmarks" */ = {
			isa = XCConfigurationList;
			buildConfigurations = (
				9D80D6D0249BB5AC00C0E351 /* Debug */,
				9D80D6D1249BB5AC00C0E351 /* Release */,
			);
			defaultConfigurationIsVisible = 0;
			defaultConfigurationName = Release;
		};
/* End XCConfigurationList section */
	};
	rootObject = 9D80D6B3249BB5AB00C0E351 /* Project object */;
}
